
Microsoft Visual Studio Solution File, Format Version 12.00
Project("{FAE04EC0-301F-11D3-BF4B-00C04F79EFBC}") = "MyToDo.Domain", "MyToDo.Domain\MyToDo.Domain.csproj", "{E2CD62F0-054E-4055-961C-FCF52714C9EB}"
EndProject
Project("{FAE04EC0-301F-11D3-BF4B-00C04F79EFBC}") = "MyToDo.Application", "MyToDo.Application\MyToDo.Application.csproj", "{56C9854D-314E-465D-BA72-EEECB1DF0BCF}"
EndProject
Project("{FAE04EC0-301F-11D3-BF4B-00C04F79EFBC}") = "MyToDo.Infrastructure", "MyToDo.Infrastructure\MyToDo.Infrastructure.csproj", "{EC20ED6F-73BC-4560-864D-12583B35ACC3}"
EndProject
Project("{FAE04EC0-301F-11D3-BF4B-00C04F79EFBC}") = "MyToDo.Persistence", "MyToDo.Persistence\MyToDo.Persistence.csproj", "{91EF48AC-509E-43C9-9910-ABDA8BB59C9F}"
EndProject
Project("{FAE04EC0-301F-11D3-BF4B-00C04F79EFBC}") = "MyToDo.Web", "MyToDo.Web\MyToDo.Web.csproj", "{4739128D-8A06-48DF-9ABD-A485C4B09850}"
EndProject
Project("{FAE04EC0-301F-11D3-BF4B-00C04F79EFBC}") = "MyToDo.WebApi", "MyToDo.WebApi\MyToDo.WebApi.csproj", "{5E00181E-7688-402B-AB4F-8D82DD93FB82}"
EndProject
Project("{2150E333-8FDC-42A3-9474-1A3956D46DE8}") = "SolutionsItems", "SolutionsItems", "{D7F9AF6F-7021-4B10-A29B-27828904BFBC}"
	ProjectSection(SolutionItems) = preProject
		.gitignore = .gitignore
	EndProjectSection
EndProject
Project("{FAE04EC0-301F-11D3-BF4B-00C04F79EFBC}") = "MyToDo.Tests", "MyToDo.Tests\MyToDo.Tests.csproj", "{87D9FA14-9F7F-4EB4-B76E-A6DC77AF9B73}"
EndProject
Global
	GlobalSection(SolutionConfigurationPlatforms) = preSolution
		Debug|Any CPU = Debug|Any CPU
		Release|Any CPU = Release|Any CPU
	EndGlobalSection
	GlobalSection(ProjectConfigurationPlatforms) = postSolution
		{E2CD62F0-054E-4055-961C-FCF52714C9EB}.Debug|Any CPU.ActiveCfg = Debug|Any CPU
		{E2CD62F0-054E-4055-961C-FCF52714C9EB}.Debug|Any CPU.Build.0 = Debug|Any CPU
		{E2CD62F0-054E-4055-961C-FCF52714C9EB}.Release|Any CPU.ActiveCfg = Release|Any CPU
		{E2CD62F0-054E-4055-961C-FCF52714C9EB}.Release|Any CPU.Build.0 = Release|Any CPU
		{56C9854D-314E-465D-BA72-EEECB1DF0BCF}.Debug|Any CPU.ActiveCfg = Debug|Any CPU
		{56C9854D-314E-465D-BA72-EEECB1DF0BCF}.Debug|Any CPU.Build.0 = Debug|Any CPU
		{56C9854D-314E-465D-BA72-EEECB1DF0BCF}.Release|Any CPU.ActiveCfg = Release|Any CPU
		{56C9854D-314E-465D-BA72-EEECB1DF0BCF}.Release|Any CPU.Build.0 = Release|Any CPU
		{EC20ED6F-73BC-4560-864D-12583B35ACC3}.Debug|Any CPU.ActiveCfg = Debug|Any CPU
		{EC20ED6F-73BC-4560-864D-12583B35ACC3}.Debug|Any CPU.Build.0 = Debug|Any CPU
		{EC20ED6F-73BC-4560-864D-12583B35ACC3}.Release|Any CPU.ActiveCfg = Release|Any CPU
		{EC20ED6F-73BC-4560-864D-12583B35ACC3}.Release|Any CPU.Build.0 = Release|Any CPU
		{91EF48AC-509E-43C9-9910-ABDA8BB59C9F}.Debug|Any CPU.ActiveCfg = Debug|Any CPU
		{91EF48AC-509E-43C9-9910-ABDA8BB59C9F}.Debug|Any CPU.Build.0 = Debug|Any CPU
		{91EF48AC-509E-43C9-9910-ABDA8BB59C9F}.Release|Any CPU.ActiveCfg = Release|Any CPU
		{91EF48AC-509E-43C9-9910-ABDA8BB59C9F}.Release|Any CPU.Build.0 = Release|Any CPU
		{4739128D-8A06-48DF-9ABD-A485C4B09850}.Debug|Any CPU.ActiveCfg = Debug|Any CPU
		{4739128D-8A06-48DF-9ABD-A485C4B09850}.Debug|Any CPU.Build.0 = Debug|Any CPU
		{4739128D-8A06-48DF-9ABD-A485C4B09850}.Release|Any CPU.ActiveCfg = Release|Any CPU
		{4739128D-8A06-48DF-9ABD-A485C4B09850}.Release|Any CPU.Build.0 = Release|Any CPU
		{5E00181E-7688-402B-AB4F-8D82DD93FB82}.Debug|Any CPU.ActiveCfg = Debug|Any CPU
		{5E00181E-7688-402B-AB4F-8D82DD93FB82}.Debug|Any CPU.Build.0 = Debug|Any CPU
		{5E00181E-7688-402B-AB4F-8D82DD93FB82}.Release|Any CPU.ActiveCfg = Release|Any CPU
		{5E00181E-7688-402B-AB4F-8D82DD93FB82}.Release|Any CPU.Build.0 = Release|Any CPU
		{87D9FA14-9F7F-4EB4-B76E-A6DC77AF9B73}.Debug|Any CPU.ActiveCfg = Debug|Any CPU
		{87D9FA14-9F7F-4EB4-B76E-A6DC77AF9B73}.Debug|Any CPU.Build.0 = Debug|Any CPU
		{87D9FA14-9F7F-4EB4-B76E-A6DC77AF9B73}.Release|Any CPU.ActiveCfg = Release|Any CPU
		{87D9FA14-9F7F-4EB4-B76E-A6DC77AF9B73}.Release|Any CPU.Build.0 = Release|Any CPU
	EndGlobalSection
EndGlobal
